
Microsoft Visual Studio Solution File, Format Version 12.00
# Visual Studio Version 17
VisualStudioVersion = 17.2.32616.157
MinimumVisualStudioVersion = 10.0.40219.1
Project("{9A19103F-16F7-4668-BE54-9A1E7A4F7556}") = "TwitterApp", "TwitterApp.DataService\TwitterApp.csproj", "{CAB8BCBE-DC21-441A-9709-4874D9E59AC6}"
EndProject
Project("{9A19103F-16F7-4668-BE54-9A1E7A4F7556}") = "TwitterApp.Data", "TwitterApp.Data\TwitterApp.Data.csproj", "{7E54C201-C2C3-4C27-9D8E-7526F34FCE78}"
EndProject
Project("{2150E333-8FDC-42A3-9474-1A3956D46DE8}") = "tests", "tests", "{179950F7-5B25-474A-8F27-D2F604C71B68}"
EndProject
Project("{FAE04EC0-301F-11D3-BF4B-00C04F79EFBC}") = "TwitterAppTests", "TwitterAppTests\TwitterAppTests.csproj", "{B68D7B39-EC7E-4222-A876-C123A2F53290}"
EndProject
Global
	GlobalSection(SolutionConfigurationPlatforms) = preSolution
		Debug|Any CPU = Debug|Any CPU
		Release|Any CPU = Release|Any CPU
	EndGlobalSection
	GlobalSection(ProjectConfigurationPlatforms) = postSolution
		{CAB8BCBE-DC21-441A-9709-4874D9E59AC6}.Debug|Any CPU.ActiveCfg = Debug|Any CPU
		{CAB8BCBE-DC21-441A-9709-4874D9E59AC6}.Debug|Any CPU.Build.0 = Debug|Any CPU
		{CAB8BCBE-DC21-441A-9709-4874D9E59AC6}.Release|Any CPU.ActiveCfg = Release|Any CPU
		{CAB8BCBE-DC21-441A-9709-4874D9E59AC6}.Release|Any CPU.Build.0 = Release|Any CPU
		{7E54C201-C2C3-4C27-9D8E-7526F34FCE78}.Debug|Any CPU.ActiveCfg = Debug|Any CPU
		{7E54C201-C2C3-4C27-9D8E-7526F34FCE78}.Debug|Any CPU.Build.0 = Debug|Any CPU
		{7E54C201-C2C3-4C27-9D8E-7526F34FCE78}.Release|Any CPU.ActiveCfg = Release|Any CPU
		{7E54C201-C2C3-4C27-9D8E-7526F34FCE78}.Release|Any CPU.Build.0 = Release|Any CPU
		{B68D7B39-EC7E-4222-A876-C123A2F53290}.Debug|Any CPU.ActiveCfg = Debug|Any CPU
		{B68D7B39-EC7E-4222-A876-C123A2F53290}.Debug|Any CPU.Build.0 = Debug|Any CPU
		{B68D7B39-EC7E-4222-A876-C123A2F53290}.Release|Any CPU.ActiveCfg = Release|Any CPU
		{B68D7B39-EC7E-4222-A876-C123A2F53290}.Release|Any CPU.Build.0 = Release|Any CPU
	EndGlobalSection
	GlobalSection(SolutionProperties) = preSolution
		HideSolutionNode = FALSE
	EndGlobalSection
	GlobalSection(NestedProjects) = preSolution
		{B68D7B39-EC7E-4222-A876-C123A2F53290} = {179950F7-5B25-474A-8F27-D2F604C71B68}
	EndGlobalSection
	GlobalSection(ExtensibilityGlobals) = postSolution
		SolutionGuid = {24EA3622-2515-4BF6-9837-DDDD1656971A}
	EndGlobalSection
EndGlobal
